<?xml version="1.0" encoding="utf-8"?>
<Project ToolsVersion="4.0" xmlns="http://schemas.microsoft.com/developer/msbuild/2003">
  <ItemGroup>
    <Filter Include="Source">
      <UniqueIdentifier>{16b2ecc8-cb6e-4168-85ab-38f29ae87c4b}</UniqueIdentifier>
    </Filter>
    <Filter Include="Include">
      <UniqueIdentifier>{64f2f6e7-8e51-4de4-a615-29a1c35537a5}</UniqueIdentifier>
    </Filter>
    <Filter Include="Include\Graphics">
      <UniqueIdentifier>{0fa05ca3-d0a0-49a9-a8fd-22977faa0940}</UniqueIdentifier>
    </Filter>
    <Filter Include="Source\Graphics">
      <UniqueIdentifier>{1167e9b5-71ca-4964-9f30-cf50315a0fb7}</UniqueIdentifier>
    </Filter>
  </ItemGroup>
  <ItemGroup>
    <ClCompile Include="Source\Runtime\VibeEngine.cpp">
      <Filter>Source</Filter>
    </ClCompile>
  </ItemGroup>
</Project>